
Microsoft Visual Studio Solution File, Format Version 12.00
# Visual Studio Version 16
VisualStudioVersion = 16.0.30804.86
MinimumVisualStudioVersion = 10.0.40219.1
Project("{9A19103F-16F7-4668-BE54-9A1E7A4F7556}") = "AppFramework", "AppFramework\AppFramework.csproj", "{0731BBD3-028C-4AA4-B408-F23AC5C68DE6}"
EndProject
Project("{FAE04EC0-301F-11D3-BF4B-00C04F79EFBC}") = "Demo", "Demo\Demo.csproj", "{F9336E3C-BB93-479A-8872-EDB2B3CD5C57}"
EndProject
Global
	GlobalSection(SolutionConfigurationPlatforms) = preSolution
		Debug|Any CPU = Debug|Any CPU
		Release|Any CPU = Release|Any CPU
	EndGlobalSection
	GlobalSection(ProjectConfigurationPlatforms) = postSolution
		{0731BBD3-028C-4AA4-B408-F23AC5C68DE6}.Debug|Any CPU.ActiveCfg = Debug|Any CPU
		{0731BBD3-028C-4AA4-B408-F23AC5C68DE6}.Debug|Any CPU.Build.0 = Debug|Any CPU
		{0731BBD3-028C-4AA4-B408-F23AC5C68DE6}.Release|Any CPU.ActiveCfg = Release|Any CPU
		{0731BBD3-028C-4AA4-B408-F23AC5C68DE6}.Release|Any CPU.Build.0 = Release|Any CPU
		{F9336E3C-BB93-479A-8872-EDB2B3CD5C57}.Debug|Any CPU.ActiveCfg = Debug|Any CPU
		{F9336E3C-BB93-479A-8872-EDB2B3CD5C57}.Debug|Any CPU.Build.0 = Debug|Any CPU
		{F9336E3C-BB93-479A-8872-EDB2B3CD5C57}.Release|Any CPU.ActiveCfg = Release|Any CPU
		{F9336E3C-BB93-479A-8872-EDB2B3CD5C57}.Release|Any CPU.Build.0 = Release|Any CPU
	EndGlobalSection
	GlobalSection(SolutionProperties) = preSolution
		HideSolutionNode = FALSE
	EndGlobalSection
	GlobalSection(ExtensibilityGlobals) = postSolution
		SolutionGuid = {213B721F-D64D-46EA-B754-EDFD37C1026F}
	EndGlobalSection
EndGlobal
